
Microsoft Visual Studio Solution File, Format Version 12.00
# Visual Studio Version 17
VisualStudioVersion = 17.6.33815.320
MinimumVisualStudioVersion = 10.0.40219.1
Project("{FAE04EC0-301F-11D3-BF4B-00C04F79EFBC}") = "PRT580Assignment2a", "PRT580Assignment2a\PRT580Assignment2a.csproj", "{751E653A-AB35-49A0-AAE3-D00CE3C47D52}"
EndProject
Global
	GlobalSection(SolutionConfigurationPlatforms) = preSolution
		Debug|Any CPU = Debug|Any CPU
		Release|Any CPU = Release|Any CPU
	EndGlobalSection
	GlobalSection(ProjectConfigurationPlatforms) = postSolution
		{751E653A-AB35-49A0-AAE3-D00CE3C47D52}.Debug|Any CPU.ActiveCfg = Debug|Any CPU
		{751E653A-AB35-49A0-AAE3-D00CE3C47D52}.Debug|Any CPU.Build.0 = Debug|Any CPU
		{751E653A-AB35-49A0-AAE3-D00CE3C47D52}.Release|Any CPU.ActiveCfg = Release|Any CPU
		{751E653A-AB35-49A0-AAE3-D00CE3C47D52}.Release|Any CPU.Build.0 = Release|Any CPU
	EndGlobalSection
	GlobalSection(SolutionProperties) = preSolution
		HideSolutionNode = FALSE
	EndGlobalSection
	GlobalSection(ExtensibilityGlobals) = postSolution
		SolutionGuid = {BFE1DD5C-D187-491B-B93B-A748EC7B5C50}
	EndGlobalSection
EndGlobal
